
Microsoft Visual Studio Solution File, Format Version 12.00
# Visual Studio Version 16
VisualStudioVersion = 16.0.30413.136
MinimumVisualStudioVersion = 10.0.40219.1
Project("{2150E333-8FDC-42A3-9474-1A3956D46DE8}") = "scr", "scr", "{29C4C727-7FCE-418C-AA13-1C71F7846F63}"
EndProject
Project("{2150E333-8FDC-42A3-9474-1A3956D46DE8}") = "Domain", "Domain", "{D89CD292-C38A-4048-B978-8A96168EC01F}"
EndProject
Project("{2150E333-8FDC-42A3-9474-1A3956D46DE8}") = "Infrastructure", "Infrastructure", "{5A32D202-980A-4EF5-A3FE-508D3DC1A9A2}"
EndProject
Project("{2150E333-8FDC-42A3-9474-1A3956D46DE8}") = "Services", "Services", "{DD3AADBA-9B1E-49CB-A6A2-346344EC9C1A}"
EndProject
Project("{FAE04EC0-301F-11D3-BF4B-00C04F79EFBC}") = "OA.Domain.Core", "OA.Domain.Core\OA.Domain.Core.csproj", "{2D111F01-1F88-4678-B77F-D523AD1DA8BA}"
EndProject
Project("{FAE04EC0-301F-11D3-BF4B-00C04F79EFBC}") = "OA.Domain.Interfaces", "OA.Domain.Interfaces\OA.Domain.Interfaces.csproj", "{AE40B2DF-D724-45E7-B59D-25252866BE1B}"
EndProject
Project("{FAE04EC0-301F-11D3-BF4B-00C04F79EFBC}") = "OA.Infrastructure.Data", "OA.Infrastructure.Data\OA.Infrastructure.Data.csproj", "{17A73641-A513-46B2-B3C6-FA0E126E1D0C}"
EndProject
Project("{FAE04EC0-301F-11D3-BF4B-00C04F79EFBC}") = "OA.Infrastructure.Business", "OA.Infrastructure.Business\OA.Infrastructure.Business.csproj", "{CBF3904E-6A72-4621-BDE9-CC0F414962E2}"
EndProject
Project("{FAE04EC0-301F-11D3-BF4B-00C04F79EFBC}") = "OA.Services.Interfaces", "OA.Services.Interfaces\OA.Services.Interfaces.csproj", "{0A9D96C4-9387-40BC-BCD5-4DD30D414E45}"
EndProject
Project("{FAE04EC0-301F-11D3-BF4B-00C04F79EFBC}") = "OA.Web", "OA.Web\OA.Web.csproj", "{899E7EEE-C2D2-49EA-A031-E1F945DCDBA5}"
EndProject
Global
	GlobalSection(SolutionConfigurationPlatforms) = preSolution
		Debug|Any CPU = Debug|Any CPU
		Release|Any CPU = Release|Any CPU
	EndGlobalSection
	GlobalSection(ProjectConfigurationPlatforms) = postSolution
		{2D111F01-1F88-4678-B77F-D523AD1DA8BA}.Debug|Any CPU.ActiveCfg = Debug|Any CPU
		{2D111F01-1F88-4678-B77F-D523AD1DA8BA}.Debug|Any CPU.Build.0 = Debug|Any CPU
		{2D111F01-1F88-4678-B77F-D523AD1DA8BA}.Release|Any CPU.ActiveCfg = Release|Any CPU
		{2D111F01-1F88-4678-B77F-D523AD1DA8BA}.Release|Any CPU.Build.0 = Release|Any CPU
		{AE40B2DF-D724-45E7-B59D-25252866BE1B}.Debug|Any CPU.ActiveCfg = Debug|Any CPU
		{AE40B2DF-D724-45E7-B59D-25252866BE1B}.Debug|Any CPU.Build.0 = Debug|Any CPU
		{AE40B2DF-D724-45E7-B59D-25252866BE1B}.Release|Any CPU.ActiveCfg = Release|Any CPU
		{AE40B2DF-D724-45E7-B59D-25252866BE1B}.Release|Any CPU.Build.0 = Release|Any CPU
		{17A73641-A513-46B2-B3C6-FA0E126E1D0C}.Debug|Any CPU.ActiveCfg = Debug|Any CPU
		{17A73641-A513-46B2-B3C6-FA0E126E1D0C}.Debug|Any CPU.Build.0 = Debug|Any CPU
		{17A73641-A513-46B2-B3C6-FA0E126E1D0C}.Release|Any CPU.ActiveCfg = Release|Any CPU
		{17A73641-A513-46B2-B3C6-FA0E126E1D0C}.Release|Any CPU.Build.0 = Release|Any CPU
		{CBF3904E-6A72-4621-BDE9-CC0F414962E2}.Debug|Any CPU.ActiveCfg = Debug|Any CPU
		{CBF3904E-6A72-4621-BDE9-CC0F414962E2}.Debug|Any CPU.Build.0 = Debug|Any CPU
		{CBF3904E-6A72-4621-BDE9-CC0F414962E2}.Release|Any CPU.ActiveCfg = Release|Any CPU
		{CBF3904E-6A72-4621-BDE9-CC0F414962E2}.Release|Any CPU.Build.0 = Release|Any CPU
		{0A9D96C4-9387-40BC-BCD5-4DD30D414E45}.Debug|Any CPU.ActiveCfg = Debug|Any CPU
		{0A9D96C4-9387-40BC-BCD5-4DD30D414E45}.Debug|Any CPU.Build.0 = Debug|Any CPU
		{0A9D96C4-9387-40BC-BCD5-4DD30D414E45}.Release|Any CPU.ActiveCfg = Release|Any CPU
		{0A9D96C4-9387-40BC-BCD5-4DD30D414E45}.Release|Any CPU.Build.0 = Release|Any CPU
		{899E7EEE-C2D2-49EA-A031-E1F945DCDBA5}.Debug|Any CPU.ActiveCfg = Debug|Any CPU
		{899E7EEE-C2D2-49EA-A031-E1F945DCDBA5}.Debug|Any CPU.Build.0 = Debug|Any CPU
		{899E7EEE-C2D2-49EA-A031-E1F945DCDBA5}.Release|Any CPU.ActiveCfg = Release|Any CPU
		{899E7EEE-C2D2-49EA-A031-E1F945DCDBA5}.Release|Any CPU.Build.0 = Release|Any CPU
	EndGlobalSection
	GlobalSection(SolutionProperties) = preSolution
		HideSolutionNode = FALSE
	EndGlobalSection
	GlobalSection(NestedProjects) = preSolution
		{D89CD292-C38A-4048-B978-8A96168EC01F} = {29C4C727-7FCE-418C-AA13-1C71F7846F63}
		{5A32D202-980A-4EF5-A3FE-508D3DC1A9A2} = {29C4C727-7FCE-418C-AA13-1C71F7846F63}
		{DD3AADBA-9B1E-49CB-A6A2-346344EC9C1A} = {29C4C727-7FCE-418C-AA13-1C71F7846F63}
		{2D111F01-1F88-4678-B77F-D523AD1DA8BA} = {D89CD292-C38A-4048-B978-8A96168EC01F}
		{AE40B2DF-D724-45E7-B59D-25252866BE1B} = {D89CD292-C38A-4048-B978-8A96168EC01F}
		{17A73641-A513-46B2-B3C6-FA0E126E1D0C} = {5A32D202-980A-4EF5-A3FE-508D3DC1A9A2}
		{CBF3904E-6A72-4621-BDE9-CC0F414962E2} = {5A32D202-980A-4EF5-A3FE-508D3DC1A9A2}
		{0A9D96C4-9387-40BC-BCD5-4DD30D414E45} = {DD3AADBA-9B1E-49CB-A6A2-346344EC9C1A}
		{899E7EEE-C2D2-49EA-A031-E1F945DCDBA5} = {29C4C727-7FCE-418C-AA13-1C71F7846F63}
	EndGlobalSection
	GlobalSection(ExtensibilityGlobals) = postSolution
		SolutionGuid = {94012BF1-AAB1-4FE9-BFE8-45F7841561BE}
	EndGlobalSection
EndGlobal
